
Microsoft Visual Studio Solution File, Format Version 12.00
# Visual Studio Version 17
VisualStudioVersion = 17.10.34928.147
MinimumVisualStudioVersion = 10.0.40219.1
Project("{FAE04EC0-301F-11D3-BF4B-00C04F79EFBC}") = "FC.Exercicios.API", "FC.Exercicios.API\FC.Exercicios.API.csproj", "{A324E702-29D2-4070-A3F4-CF2F8F479EBA}"
EndProject
Project("{FAE04EC0-301F-11D3-BF4B-00C04F79EFBC}") = "FC.Exercicios.Business", "FC.Exercicios.Business\FC.Exercicios.Business.csproj", "{A6FD9233-B404-4293-8099-308764C190CF}"
EndProject
Project("{FAE04EC0-301F-11D3-BF4B-00C04F79EFBC}") = "FC.Exercicios.Data", "FC.Exercicios.Data\FC.Exercicios.Data.csproj", "{ECDE4F12-370C-47FC-BD95-480BCB83AC80}"
EndProject
Global
	GlobalSection(SolutionConfigurationPlatforms) = preSolution
		Debug|Any CPU = Debug|Any CPU
		Release|Any CPU = Release|Any CPU
	EndGlobalSection
	GlobalSection(ProjectConfigurationPlatforms) = postSolution
		{A324E702-29D2-4070-A3F4-CF2F8F479EBA}.Debug|Any CPU.ActiveCfg = Debug|Any CPU
		{A324E702-29D2-4070-A3F4-CF2F8F479EBA}.Debug|Any CPU.Build.0 = Debug|Any CPU
		{A324E702-29D2-4070-A3F4-CF2F8F479EBA}.Release|Any CPU.ActiveCfg = Release|Any CPU
		{A324E702-29D2-4070-A3F4-CF2F8F479EBA}.Release|Any CPU.Build.0 = Release|Any CPU
		{A6FD9233-B404-4293-8099-308764C190CF}.Debug|Any CPU.ActiveCfg = Debug|Any CPU
		{A6FD9233-B404-4293-8099-308764C190CF}.Debug|Any CPU.Build.0 = Debug|Any CPU
		{A6FD9233-B404-4293-8099-308764C190CF}.Release|Any CPU.ActiveCfg = Release|Any CPU
		{A6FD9233-B404-4293-8099-308764C190CF}.Release|Any CPU.Build.0 = Release|Any CPU
		{ECDE4F12-370C-47FC-BD95-480BCB83AC80}.Debug|Any CPU.ActiveCfg = Debug|Any CPU
		{ECDE4F12-370C-47FC-BD95-480BCB83AC80}.Debug|Any CPU.Build.0 = Debug|Any CPU
		{ECDE4F12-370C-47FC-BD95-480BCB83AC80}.Release|Any CPU.ActiveCfg = Release|Any CPU
		{ECDE4F12-370C-47FC-BD95-480BCB83AC80}.Release|Any CPU.Build.0 = Release|Any CPU
	EndGlobalSection
	GlobalSection(SolutionProperties) = preSolution
		HideSolutionNode = FALSE
	EndGlobalSection
	GlobalSection(ExtensibilityGlobals) = postSolution
		SolutionGuid = {00278F48-4197-44BE-8D01-D086C92FC3A2}
	EndGlobalSection
EndGlobal
